
Microsoft Visual Studio Solution File, Format Version 12.00
# Visual Studio Version 16
VisualStudioVersion = 16.0.28922.388
MinimumVisualStudioVersion = 10.0.40219.1
Project("{FAE04EC0-301F-11D3-BF4B-00C04F79EFBC}") = "CepHtpp", "CepHtpp.csproj", "{30EC0374-A755-42E8-B61A-53C84ED1254B}"
EndProject
Global
	GlobalSection(SolutionConfigurationPlatforms) = preSolution
		Debug|Any CPU = Debug|Any CPU
		Release|Any CPU = Release|Any CPU
	EndGlobalSection
	GlobalSection(ProjectConfigurationPlatforms) = postSolution
		{30EC0374-A755-42E8-B61A-53C84ED1254B}.Debug|Any CPU.ActiveCfg = Debug|Any CPU
		{30EC0374-A755-42E8-B61A-53C84ED1254B}.Debug|Any CPU.Build.0 = Debug|Any CPU
		{30EC0374-A755-42E8-B61A-53C84ED1254B}.Release|Any CPU.ActiveCfg = Release|Any CPU
		{30EC0374-A755-42E8-B61A-53C84ED1254B}.Release|Any CPU.Build.0 = Release|Any CPU
	EndGlobalSection
	GlobalSection(SolutionProperties) = preSolution
		HideSolutionNode = FALSE
	EndGlobalSection
	GlobalSection(ExtensibilityGlobals) = postSolution
		SolutionGuid = {28A37529-BFDF-4C7D-88EB-358BE2251F2A}
	EndGlobalSection
EndGlobal
